
Microsoft Visual Studio Solution File, Format Version 12.00
# Visual Studio Version 17
VisualStudioVersion = 17.6.33723.286
MinimumVisualStudioVersion = 10.0.40219.1
Project("{FAE04EC0-301F-11D3-BF4B-00C04F79EFBC}") = "5stProject", "5stProject\5stProject.csproj", "{DB773521-8332-4778-8709-2C8A0F0DE712}"
EndProject
Global
	GlobalSection(SolutionConfigurationPlatforms) = preSolution
		Debug|Any CPU = Debug|Any CPU
		Release|Any CPU = Release|Any CPU
	EndGlobalSection
	GlobalSection(ProjectConfigurationPlatforms) = postSolution
		{DB773521-8332-4778-8709-2C8A0F0DE712}.Debug|Any CPU.ActiveCfg = Debug|Any CPU
		{DB773521-8332-4778-8709-2C8A0F0DE712}.Debug|Any CPU.Build.0 = Debug|Any CPU
		{DB773521-8332-4778-8709-2C8A0F0DE712}.Release|Any CPU.ActiveCfg = Release|Any CPU
		{DB773521-8332-4778-8709-2C8A0F0DE712}.Release|Any CPU.Build.0 = Release|Any CPU
	EndGlobalSection
	GlobalSection(SolutionProperties) = preSolution
		HideSolutionNode = FALSE
	EndGlobalSection
	GlobalSection(ExtensibilityGlobals) = postSolution
		SolutionGuid = {2C887212-0274-4EF3-ADA0-90146547B1BB}
	EndGlobalSection
EndGlobal
