
Microsoft Visual Studio Solution File, Format Version 12.00
# Visual Studio Version 17
VisualStudioVersion = 17.6.33723.286
MinimumVisualStudioVersion = 10.0.40219.1
Project("{FAE04EC0-301F-11D3-BF4B-00C04F79EFBC}") = "30stProject", "30stProject.csproj", "{FF1ADE8C-B4A2-4E92-ACA3-CD88D9E7FE64}"
EndProject
Global
	GlobalSection(SolutionConfigurationPlatforms) = preSolution
		Debug|Any CPU = Debug|Any CPU
		Release|Any CPU = Release|Any CPU
	EndGlobalSection
	GlobalSection(ProjectConfigurationPlatforms) = postSolution
		{FF1ADE8C-B4A2-4E92-ACA3-CD88D9E7FE64}.Debug|Any CPU.ActiveCfg = Debug|Any CPU
		{FF1ADE8C-B4A2-4E92-ACA3-CD88D9E7FE64}.Debug|Any CPU.Build.0 = Debug|Any CPU
		{FF1ADE8C-B4A2-4E92-ACA3-CD88D9E7FE64}.Release|Any CPU.ActiveCfg = Release|Any CPU
		{FF1ADE8C-B4A2-4E92-ACA3-CD88D9E7FE64}.Release|Any CPU.Build.0 = Release|Any CPU
	EndGlobalSection
	GlobalSection(SolutionProperties) = preSolution
		HideSolutionNode = FALSE
	EndGlobalSection
	GlobalSection(ExtensibilityGlobals) = postSolution
		SolutionGuid = {937A56AB-657C-4EC9-887E-BD474BFD1834}
	EndGlobalSection
EndGlobal
