
Microsoft Visual Studio Solution File, Format Version 12.00
# Visual Studio Version 17
VisualStudioVersion = 17.6.33723.286
MinimumVisualStudioVersion = 10.0.40219.1
Project("{FAE04EC0-301F-11D3-BF4B-00C04F79EFBC}") = "13stProject", "13stProject.csproj", "{DB1D2DB3-E20D-4C7D-A2B4-5788CA15D0A8}"
EndProject
Global
	GlobalSection(SolutionConfigurationPlatforms) = preSolution
		Debug|Any CPU = Debug|Any CPU
		Release|Any CPU = Release|Any CPU
	EndGlobalSection
	GlobalSection(ProjectConfigurationPlatforms) = postSolution
		{DB1D2DB3-E20D-4C7D-A2B4-5788CA15D0A8}.Debug|Any CPU.ActiveCfg = Debug|Any CPU
		{DB1D2DB3-E20D-4C7D-A2B4-5788CA15D0A8}.Debug|Any CPU.Build.0 = Debug|Any CPU
		{DB1D2DB3-E20D-4C7D-A2B4-5788CA15D0A8}.Release|Any CPU.ActiveCfg = Release|Any CPU
		{DB1D2DB3-E20D-4C7D-A2B4-5788CA15D0A8}.Release|Any CPU.Build.0 = Release|Any CPU
	EndGlobalSection
	GlobalSection(SolutionProperties) = preSolution
		HideSolutionNode = FALSE
	EndGlobalSection
	GlobalSection(ExtensibilityGlobals) = postSolution
		SolutionGuid = {5744D065-F489-43AE-8211-6942F72C9593}
	EndGlobalSection
EndGlobal
