
Microsoft Visual Studio Solution File, Format Version 12.00
# Visual Studio Version 17
VisualStudioVersion = 17.6.33723.286
MinimumVisualStudioVersion = 10.0.40219.1
Project("{FAE04EC0-301F-11D3-BF4B-00C04F79EFBC}") = "16stProject", "16stProject.csproj", "{6342F5EA-CF28-4289-B879-3E1BE8003D68}"
EndProject
Global
	GlobalSection(SolutionConfigurationPlatforms) = preSolution
		Debug|Any CPU = Debug|Any CPU
		Release|Any CPU = Release|Any CPU
	EndGlobalSection
	GlobalSection(ProjectConfigurationPlatforms) = postSolution
		{6342F5EA-CF28-4289-B879-3E1BE8003D68}.Debug|Any CPU.ActiveCfg = Debug|Any CPU
		{6342F5EA-CF28-4289-B879-3E1BE8003D68}.Debug|Any CPU.Build.0 = Debug|Any CPU
		{6342F5EA-CF28-4289-B879-3E1BE8003D68}.Release|Any CPU.ActiveCfg = Release|Any CPU
		{6342F5EA-CF28-4289-B879-3E1BE8003D68}.Release|Any CPU.Build.0 = Release|Any CPU
	EndGlobalSection
	GlobalSection(SolutionProperties) = preSolution
		HideSolutionNode = FALSE
	EndGlobalSection
	GlobalSection(ExtensibilityGlobals) = postSolution
		SolutionGuid = {1D26EE70-7775-43D0-B6AA-3B3BDF0E14A1}
	EndGlobalSection
EndGlobal
