
Microsoft Visual Studio Solution File, Format Version 12.00
# Visual Studio Version 17
VisualStudioVersion = 17.6.33723.286
MinimumVisualStudioVersion = 10.0.40219.1
Project("{FAE04EC0-301F-11D3-BF4B-00C04F79EFBC}") = "29stProject", "29stProject.csproj", "{E9BA4C79-BB5F-4538-AE15-C280A402CA26}"
EndProject
Global
	GlobalSection(SolutionConfigurationPlatforms) = preSolution
		Debug|Any CPU = Debug|Any CPU
		Release|Any CPU = Release|Any CPU
	EndGlobalSection
	GlobalSection(ProjectConfigurationPlatforms) = postSolution
		{E9BA4C79-BB5F-4538-AE15-C280A402CA26}.Debug|Any CPU.ActiveCfg = Debug|Any CPU
		{E9BA4C79-BB5F-4538-AE15-C280A402CA26}.Debug|Any CPU.Build.0 = Debug|Any CPU
		{E9BA4C79-BB5F-4538-AE15-C280A402CA26}.Release|Any CPU.ActiveCfg = Release|Any CPU
		{E9BA4C79-BB5F-4538-AE15-C280A402CA26}.Release|Any CPU.Build.0 = Release|Any CPU
	EndGlobalSection
	GlobalSection(SolutionProperties) = preSolution
		HideSolutionNode = FALSE
	EndGlobalSection
	GlobalSection(ExtensibilityGlobals) = postSolution
		SolutionGuid = {DE871E37-09F3-4CA3-9348-AC4F5AF84B47}
	EndGlobalSection
EndGlobal
