
Microsoft Visual Studio Solution File, Format Version 12.00
# Visual Studio Version 17
VisualStudioVersion = 17.6.33723.286
MinimumVisualStudioVersion = 10.0.40219.1
Project("{FAE04EC0-301F-11D3-BF4B-00C04F79EFBC}") = "28stProject", "28stProject.csproj", "{F1E80226-7451-4817-BC71-A14C7420235A}"
EndProject
Global
	GlobalSection(SolutionConfigurationPlatforms) = preSolution
		Debug|Any CPU = Debug|Any CPU
		Release|Any CPU = Release|Any CPU
	EndGlobalSection
	GlobalSection(ProjectConfigurationPlatforms) = postSolution
		{F1E80226-7451-4817-BC71-A14C7420235A}.Debug|Any CPU.ActiveCfg = Debug|Any CPU
		{F1E80226-7451-4817-BC71-A14C7420235A}.Debug|Any CPU.Build.0 = Debug|Any CPU
		{F1E80226-7451-4817-BC71-A14C7420235A}.Release|Any CPU.ActiveCfg = Release|Any CPU
		{F1E80226-7451-4817-BC71-A14C7420235A}.Release|Any CPU.Build.0 = Release|Any CPU
	EndGlobalSection
	GlobalSection(SolutionProperties) = preSolution
		HideSolutionNode = FALSE
	EndGlobalSection
	GlobalSection(ExtensibilityGlobals) = postSolution
		SolutionGuid = {0ED2FCCB-16F0-4CF7-AC9A-4704C4296733}
	EndGlobalSection
EndGlobal
